
Microsoft Visual Studio Solution File, Format Version 12.00
# Visual Studio 2015
Project("{FAE04EC0-301F-11D3-BF4B-00C04F79EFBC}") = "AssimpTest", "AssimpTest.csproj", "{C9F29971-5619-9BE4-F865-1288927EFF74}"
EndProject
Project("{FAE04EC0-301F-11D3-BF4B-00C04F79EFBC}") = "AssimpTest.Editor", "AssimpTest.Editor.csproj", "{A8759743-41AF-963D-D889-46B7DBE167BB}"
EndProject
Global
	GlobalSection(SolutionConfigurationPlatforms) = preSolution
		Debug|Any CPU = Debug|Any CPU
		Release|Any CPU = Release|Any CPU
	EndGlobalSection
	GlobalSection(ProjectConfigurationPlatforms) = postSolution
		{C9F29971-5619-9BE4-F865-1288927EFF74}.Debug|Any CPU.ActiveCfg = Debug|Any CPU
		{C9F29971-5619-9BE4-F865-1288927EFF74}.Debug|Any CPU.Build.0 = Debug|Any CPU
		{C9F29971-5619-9BE4-F865-1288927EFF74}.Release|Any CPU.ActiveCfg = Release|Any CPU
		{C9F29971-5619-9BE4-F865-1288927EFF74}.Release|Any CPU.Build.0 = Release|Any CPU
		{A8759743-41AF-963D-D889-46B7DBE167BB}.Debug|Any CPU.ActiveCfg = Debug|Any CPU
		{A8759743-41AF-963D-D889-46B7DBE167BB}.Debug|Any CPU.Build.0 = Debug|Any CPU
		{A8759743-41AF-963D-D889-46B7DBE167BB}.Release|Any CPU.ActiveCfg = Release|Any CPU
		{A8759743-41AF-963D-D889-46B7DBE167BB}.Release|Any CPU.Build.0 = Release|Any CPU
	EndGlobalSection
	GlobalSection(SolutionProperties) = preSolution
		HideSolutionNode = FALSE
	EndGlobalSection
EndGlobal
